
Microsoft Visual Studio Solution File, Format Version 12.00
# Visual Studio 14
VisualStudioVersion = 14.0.25420.1
MinimumVisualStudioVersion = 10.0.40219.1
Project("{2150E333-8FDC-42A3-9474-1A3956D46DE8}") = "Web", "Web", "{BD6BCF3B-2273-49E7-B71F-A174C8D7C27C}"
EndProject
Project("{2150E333-8FDC-42A3-9474-1A3956D46DE8}") = "DataAccess", "DataAccess", "{33B8CF7E-B140-49C3-AE6C-9814FB231C1F}"
EndProject
Project("{FAE04EC0-301F-11D3-BF4B-00C04F79EFBC}") = "SqlliteTest", "SqlliteTest\SqlliteTest.csproj", "{2D81E47D-6A56-4877-8491-E5E9FBBA63A3}"
EndProject
Project("{FAE04EC0-301F-11D3-BF4B-00C04F79EFBC}") = "SqlliteAccess", "SqlliteAccess\SqlliteAccess.csproj", "{81880F1E-D4D9-4C02-B789-D60B2722350F}"
EndProject
Project("{FAE04EC0-301F-11D3-BF4B-00C04F79EFBC}") = "ShenQi", "ShenQi\ShenQi.csproj", "{0688DFC5-0F82-4F9C-8733-FCE17164B24C}"
EndProject
Global
	GlobalSection(SolutionConfigurationPlatforms) = preSolution
		Debug|Any CPU = Debug|Any CPU
		Release|Any CPU = Release|Any CPU
	EndGlobalSection
	GlobalSection(ProjectConfigurationPlatforms) = postSolution
		{2D81E47D-6A56-4877-8491-E5E9FBBA63A3}.Debug|Any CPU.ActiveCfg = Debug|Any CPU
		{2D81E47D-6A56-4877-8491-E5E9FBBA63A3}.Debug|Any CPU.Build.0 = Debug|Any CPU
		{2D81E47D-6A56-4877-8491-E5E9FBBA63A3}.Release|Any CPU.ActiveCfg = Release|Any CPU
		{2D81E47D-6A56-4877-8491-E5E9FBBA63A3}.Release|Any CPU.Build.0 = Release|Any CPU
		{81880F1E-D4D9-4C02-B789-D60B2722350F}.Debug|Any CPU.ActiveCfg = Debug|Any CPU
		{81880F1E-D4D9-4C02-B789-D60B2722350F}.Debug|Any CPU.Build.0 = Debug|Any CPU
		{81880F1E-D4D9-4C02-B789-D60B2722350F}.Release|Any CPU.ActiveCfg = Release|Any CPU
		{81880F1E-D4D9-4C02-B789-D60B2722350F}.Release|Any CPU.Build.0 = Release|Any CPU
		{0688DFC5-0F82-4F9C-8733-FCE17164B24C}.Debug|Any CPU.ActiveCfg = Debug|Any CPU
		{0688DFC5-0F82-4F9C-8733-FCE17164B24C}.Debug|Any CPU.Build.0 = Debug|Any CPU
		{0688DFC5-0F82-4F9C-8733-FCE17164B24C}.Release|Any CPU.ActiveCfg = Release|Any CPU
		{0688DFC5-0F82-4F9C-8733-FCE17164B24C}.Release|Any CPU.Build.0 = Release|Any CPU
	EndGlobalSection
	GlobalSection(SolutionProperties) = preSolution
		HideSolutionNode = FALSE
	EndGlobalSection
	GlobalSection(NestedProjects) = preSolution
		{2D81E47D-6A56-4877-8491-E5E9FBBA63A3} = {33B8CF7E-B140-49C3-AE6C-9814FB231C1F}
		{81880F1E-D4D9-4C02-B789-D60B2722350F} = {33B8CF7E-B140-49C3-AE6C-9814FB231C1F}
		{0688DFC5-0F82-4F9C-8733-FCE17164B24C} = {BD6BCF3B-2273-49E7-B71F-A174C8D7C27C}
	EndGlobalSection
EndGlobal
